PODS:
  - Eureka (5.2.1)
  - PAPlaceholder (0.3)

DEPENDENCIES:
  - Eureka
  - PAPlaceholder

SPEC REPOS:
  https://github.com/CocoaPods/Specs.git:
    - Eureka
    - PAPlaceholder

SPEC CHECKSUMS:
  Eureka: c883105488e05bc65539f583246ecf9657cabbfe
  PAPlaceholder: 89a973dce2f9eb110cf8f2675c78b8c3063c046e

PODFILE CHECKSUM: 35aa1d73934fb2520ca56af82c43b78993d85b14

COCOAPODS: 1.8.4
